
Microsoft Visual Studio Solution File, Format Version 12.00
# Visual Studio 14
VisualStudioVersion = 14.0.23107.0
MinimumVisualStudioVersion = 10.0.40219.1
Project("{FAE04EC0-301F-11D3-BF4B-00C04F79EFBC}") = "ShowPicture", "ShowPicture.csproj", "{05E2AD19-675C-4590-9418-EDEA551FD85F}"
EndProject
Global
	GlobalSection(SolutionConfigurationPlatforms) = preSolution
		Debug|Any CPU = Debug|Any CPU
		Debug|x86 = Debug|x86
		Release|Any CPU = Release|Any CPU
		Release|x86 = Release|x86
	EndGlobalSection
	GlobalSection(ProjectConfigurationPlatforms) = postSolution
		{05E2AD19-675C-4590-9418-EDEA551FD85F}.Debug|Any CPU.ActiveCfg = Debug|Any CPU
		{05E2AD19-675C-4590-9418-EDEA551FD85F}.Debug|Any CPU.Build.0 = Debug|Any CPU
		{05E2AD19-675C-4590-9418-EDEA551FD85F}.Debug|x86.ActiveCfg = Debug|x86
		{05E2AD19-675C-4590-9418-EDEA551FD85F}.Debug|x86.Build.0 = Debug|x86
		{05E2AD19-675C-4590-9418-EDEA551FD85F}.Release|Any CPU.ActiveCfg = Release|Any CPU
		{05E2AD19-675C-4590-9418-EDEA551FD85F}.Release|Any CPU.Build.0 = Release|Any CPU
		{05E2AD19-675C-4590-9418-EDEA551FD85F}.Release|x86.ActiveCfg = Release|x86
		{05E2AD19-675C-4590-9418-EDEA551FD85F}.Release|x86.Build.0 = Release|x86
	EndGlobalSection
	GlobalSection(SolutionProperties) = preSolution
		HideSolutionNode = FALSE
	EndGlobalSection
EndGlobal
